{
  "pins" : [
    {
      "identity" : "swiftaudioex",
      "kind" : "remoteSourceControl",
      "location" : "https://github.com/doublesymmetry/SwiftAudioEx.git",
      "state" : {
        "revision" : "7b506bebabd68b542256c0e1e55519fab5f4c092",
        "version" : "1.1.0"
      }
    }
  ],
  "version" : 2
}
